// !$*UTF8*$!
{
	archiveVersion = 1;
	classes = {
	};
	objectVersion = 56;
	objects = {

/* Begin PBXBuildFile section */
		474ACCD92B28490600EB95B1 /* Helper.swift in Sources */ = {isa = PBXBuildFile; fileRef = 474ACCD82B28490500EB95B1 /* Helper.swift */; };
		474ACCDB2B2859CC00EB95B1 /* HarmonyDataModel.sqlite in Resources */ = {isa = PBXBuildFile; fileRef = 474ACCDA2B2859CC00EB95B1 /* HarmonyDataModel.sqlite */; };
		4781EA942B170CA9005BA0A4 /* AppDelegate.swift in Sources */ = {isa = PBXBuildFile; fileRef = 4781EA932B170CA9005BA0A4 /* AppDelegate.swift */; };
		4781EA962B170CA9005BA0A4 /* SceneDelegate.swift in Sources */ = {isa = PBXBuildFile; fileRef = 4781EA952B170CA9005BA0A4 /* SceneDelegate.swift */; };
		4781EA982B170CA9005BA0A4 /* ViewController.swift in Sources */ = {isa = PBXBuildFile; fileRef = 4781EA972B170CA9005BA0A4 /* ViewController.swift */; };
		4781EA9B2B170CA9005BA0A4 /* Main.storyboard in Resources */ = {isa = PBXBuildFile; fileRef = 4781EA992B170CA9005BA0A4 /* Main.storyboard */; };
		4781EA9D2B170CAA005BA0A4 /* Assets.xcassets in Resources */ = {isa = PBXBuildFile; fileRef = 4781EA9C2B170CAA005BA0A4 /* Assets.xcassets */; };
		4781EAA02B170CAA005BA0A4 /* LaunchScreen.storyboard in Resources */ = {isa = PBXBuildFile; fileRef = 4781EA9E2B170CAA005BA0A4 /* LaunchScreen.storyboard */; };
		47F34E912B1AAADC00D7B2E6 /* SQLite in Frameworks */ = {isa = PBXBuildFile; productRef = 47F34E902B1AAADC00D7B2E6 /* SQLite */; };
		47F34E942B1AB14500D7B2E6 /* User.swift in Sources */ = {isa = PBXBuildFile; fileRef = 47F34E932B1AB14500D7B2E6 /* User.swift */; };
		47F34E972B1ACD2400D7B2E6 /* NetworkingManager.swift in Sources */ = {isa = PBXBuildFile; fileRef = 47F34E962B1ACD2400D7B2E6 /* NetworkingManager.swift */; };
		47F34E992B1ACD4500D7B2E6 /* DataStorageManager.swift in Sources */ = {isa = PBXBuildFile; fileRef = 47F34E982B1ACD4500D7B2E6 /* DataStorageManager.swift */; };
		47F34E9C2B1ACE3400D7B2E6 /* Mood.swift in Sources */ = {isa = PBXBuildFile; fileRef = 47F34E9B2B1ACE3300D7B2E6 /* Mood.swift */; };
		47F34EBA2B1B0ED800D7B2E6 /* SignUpViewController.swift in Sources */ = {isa = PBXBuildFile; fileRef = 47F34EB92B1B0ED800D7B2E6 /* SignUpViewController.swift */; };
		47F34EBC2B1B0EF600D7B2E6 /* LoginViewController.swift in Sources */ = {isa = PBXBuildFile; fileRef = 47F34EBB2B1B0EF600D7B2E6 /* LoginViewController.swift */; };
		47F34EC82B27D89200D7B2E6 /* HomeViewController.swift in Sources */ = {isa = PBXBuildFile; fileRef = 47F34EC72B27D89200D7B2E6 /* HomeViewController.swift */; };
		47F34ECA2B27DC3800D7B2E6 /* Quote.swift in Sources */ = {isa = PBXBuildFile; fileRef = 47F34EC92B27DC3800D7B2E6 /* Quote.swift */; };
/* End PBXBuildFile section */

/* Begin PBXFileReference section */
		474ACCD82B28490500EB95B1 /* Helper.swift */ = {isa = PBXFileReference; lastKnownFileType = sourcecode.swift; path = Helper.swift; sourceTree = "<group>"; };
		474ACCDA2B2859CC00EB95B1 /* HarmonyDataModel.sqlite */ = {isa = PBXFileReference; lastKnownFileType = file; path = HarmonyDataModel.sqlite; sourceTree = "<group>"; };
		4781EA902B170CA9005BA0A4 /* Harmony.app */ = {isa = PBXFileReference; explicitFileType = wrapper.application; includeInIndex = 0; path = Harmony.app; sourceTree = BUILT_PRODUCTS_DIR; };
		4781EA932B170CA9005BA0A4 /* AppDelegate.swift */ = {isa = PBXFileReference; lastKnownFileType = sourcecode.swift; path = AppDelegate.swift; sourceTree = "<group>"; };
		4781EA952B170CA9005BA0A4 /* SceneDelegate.swift */ = {isa = PBXFileReference; lastKnownFileType = sourcecode.swift; path = SceneDelegate.swift; sourceTree = "<group>"; };
		4781EA972B170CA9005BA0A4 /* ViewController.swift */ = {isa = PBXFileReference; lastKnownFileType = sourcecode.swift; path = ViewController.swift; sourceTree = "<group>"; };
		4781EA9A2B170CA9005BA0A4 /* Base */ = {isa = PBXFileReference; lastKnownFileType = file.storyboard; name = Base; path = Base.lproj/Main.storyboard; sourceTree = "<group>"; };
		4781EA9C2B170CAA005BA0A4 /* Assets.xcassets */ = {isa = PBXFileReference; lastKnownFileType = folder.assetcatalog; path = Assets.xcassets; sourceTree = "<group>"; };
		4781EA9F2B170CAA005BA0A4 /* Base */ = {isa = PBXFileReference; lastKnownFileType = file.storyboard; name = Base; path = Base.lproj/LaunchScreen.storyboard; sourceTree = "<group>"; };
		4781EAA12B170CAA005BA0A4 /* Info.plist */ = {isa = PBXFileReference; lastKnownFileType = text.plist.xml; path = Info.plist; sourceTree = "<group>"; };
		47F34E932B1AB14500D7B2E6 /* User.swift */ = {isa = PBXFileReference; lastKnownFileType = sourcecode.swift; path = User.swift; sourceTree = "<group>"; };
		47F34E962B1ACD2400D7B2E6 /* NetworkingManager.swift */ = {isa = PBXFileReference; lastKnownFileType = sourcecode.swift; path = NetworkingManager.swift; sourceTree = "<group>"; };
		47F34E982B1ACD4500D7B2E6 /* DataStorageManager.swift */ = {isa = PBXFileReference; lastKnownFileType = sourcecode.swift; path = DataStorageManager.swift; sourceTree = "<group>"; };
		47F34E9B2B1ACE3300D7B2E6 /* Mood.swift */ = {isa = PBXFileReference; lastKnownFileType = sourcecode.swift; path = Mood.swift; sourceTree = "<group>"; };
		47F34EB92B1B0ED800D7B2E6 /* SignUpViewController.swift */ = {isa = PBXFileReference; lastKnownFileType = sourcecode.swift; path = SignUpViewController.swift; sourceTree = "<group>"; };
		47F34EBB2B1B0EF600D7B2E6 /* LoginViewController.swift */ = {isa = PBXFileReference; lastKnownFileType = sourcecode.swift; path = LoginViewController.swift; sourceTree = "<group>"; };
		47F34EC72B27D89200D7B2E6 /* HomeViewController.swift */ = {isa = PBXFileReference; lastKnownFileType = sourcecode.swift; path = HomeViewController.swift; sourceTree = "<group>"; };
		47F34EC92B27DC3800D7B2E6 /* Quote.swift */ = {isa = PBXFileReference; lastKnownFileType = sourcecode.swift; path = Quote.swift; sourceTree = "<group>"; };
/* End PBXFileReference section */

/* Begin PBXFrameworksBuildPhase section */
		4781EA8D2B170CA9005BA0A4 /* Frameworks */ = {
			isa = PBXFrameworksBuildPhase;
			buildActionMask = 2147483647;
			files = (
				47F34E912B1AAADC00D7B2E6 /* SQLite in Frameworks */,
			);
			runOnlyForDeploymentPostprocessing = 0;
		};
/* End PBXFrameworksBuildPhase section */

/* Begin PBXGroup section */
		4781EA872B170CA9005BA0A4 = {
			isa = PBXGroup;
			children = (
				4781EA922B170CA9005BA0A4 /* Harmony */,
				4781EA912B170CA9005BA0A4 /* Products */,
			);
			sourceTree = "<group>";
		};
		4781EA912B170CA9005BA0A4 /* Products */ = {
			isa = PBXGroup;
			children = (
				4781EA902B170CA9005BA0A4 /* Harmony.app */,
			);
			name = Products;
			sourceTree = "<group>";
		};
		4781EA922B170CA9005BA0A4 /* Harmony */ = {
			isa = PBXGroup;
			children = (
				47F34E9A2B1ACDF500D7B2E6 /* Controllers */,
				47F34E952B1AB36800D7B2E6 /* Utilities */,
				47F34E922B1AB09C00D7B2E6 /* Models */,
				4781EA932B170CA9005BA0A4 /* AppDelegate.swift */,
				4781EA952B170CA9005BA0A4 /* SceneDelegate.swift */,
				4781EA972B170CA9005BA0A4 /* ViewController.swift */,
				4781EA992B170CA9005BA0A4 /* Main.storyboard */,
				4781EA9C2B170CAA005BA0A4 /* Assets.xcassets */,
				4781EA9E2B170CAA005BA0A4 /* LaunchScreen.storyboard */,
				4781EAA12B170CAA005BA0A4 /* Info.plist */,
			);
			path = Harmony;
			sourceTree = "<group>";
		};
		47F34E922B1AB09C00D7B2E6 /* Models */ = {
			isa = PBXGroup;
			children = (
				47F34E932B1AB14500D7B2E6 /* User.swift */,
				47F34E9B2B1ACE3300D7B2E6 /* Mood.swift */,
				47F34EC92B27DC3800D7B2E6 /* Quote.swift */,
			);
			path = Models;
			sourceTree = "<group>";
		};
		47F34E952B1AB36800D7B2E6 /* Utilities */ = {
			isa = PBXGroup;
			children = (
				474ACCDA2B2859CC00EB95B1 /* HarmonyDataModel.sqlite */,
				47F34E962B1ACD2400D7B2E6 /* NetworkingManager.swift */,
				47F34E982B1ACD4500D7B2E6 /* DataStorageManager.swift */,
				474ACCD82B28490500EB95B1 /* Helper.swift */,
			);
			path = Utilities;
			sourceTree = "<group>";
		};
		47F34E9A2B1ACDF500D7B2E6 /* Controllers */ = {
			isa = PBXGroup;
			children = (
				47F34EB92B1B0ED800D7B2E6 /* SignUpViewController.swift */,
				47F34EBB2B1B0EF600D7B2E6 /* LoginViewController.swift */,
				47F34EC72B27D89200D7B2E6 /* HomeViewController.swift */,
			);
			path = Controllers;
			sourceTree = "<group>";
		};
/* End PBXGroup section */

/* Begin PBXNativeTarget section */
		4781EA8F2B170CA9005BA0A4 /* Harmony */ = {
			isa = PBXNativeTarget;
			buildConfigurationList = 4781EAA42B170CAA005BA0A4 /* Build configuration list for PBXNativeTarget "Harmony" */;
			buildPhases = (
				4781EA8C2B170CA9005BA0A4 /* Sources */,
				4781EA8D2B170CA9005BA0A4 /* Frameworks */,
				4781EA8E2B170CA9005BA0A4 /* Resources */,
			);
			buildRules = (
			);
			dependencies = (
			);
			name = Harmony;
			packageProductDependencies = (
				47F34E902B1AAADC00D7B2E6 /* SQLite */,
			);
			productName = Harmony;
			productReference = 4781EA902B170CA9005BA0A4 /* Harmony.app */;
			productType = "com.apple.product-type.application";
		};
/* End PBXNativeTarget section */

/* Begin PBXProject section */
		4781EA882B170CA9005BA0A4 /* Project object */ = {
			isa = PBXProject;
			attributes = {
				BuildIndependentTargetsInParallel = 1;
				LastSwiftUpdateCheck = 1430;
				LastUpgradeCheck = 1430;
				TargetAttributes = {
					4781EA8F2B170CA9005BA0A4 = {
						CreatedOnToolsVersion = 14.3.1;
					};
				};
			};
			buildConfigurationList = 4781EA8B2B170CA9005BA0A4 /* Build configuration list for PBXProject "Harmony" */;
			compatibilityVersion = "Xcode 14.0";
			developmentRegion = en;
			hasScannedForEncodings = 0;
			knownRegions = (
				en,
				Base,
			);
			mainGroup = 4781EA872B170CA9005BA0A4;
			packageReferences = (
				47F34E8F2B1AAADC00D7B2E6 /* XCRemoteSwiftPackageReference "SQLite" */,
			);
			productRefGroup = 4781EA912B170CA9005BA0A4 /* Products */;
			projectDirPath = "";
			projectRoot = "";
			targets = (
				4781EA8F2B170CA9005BA0A4 /* Harmony */,
			);
		};
/* End PBXProject section */

/* Begin PBXResourcesBuildPhase section */
		4781EA8E2B170CA9005BA0A4 /* Resources */ = {
			isa = PBXResourcesBuildPhase;
			buildActionMask = 2147483647;
			files = (
				4781EAA02B170CAA005BA0A4 /* LaunchScreen.storyboard in Resources */,
				4781EA9D2B170CAA005BA0A4 /* Assets.xcassets in Resources */,
				4781EA9B2B170CA9005BA0A4 /* Main.storyboard in Resources */,
				474ACCDB2B2859CC00EB95B1 /* HarmonyDataModel.sqlite in Resources */,
			);
			runOnlyForDeploymentPostprocessing = 0;
		};
/* End PBXResourcesBuildPhase section */

/* Begin PBXSourcesBuildPhase section */
		4781EA8C2B170CA9005BA0A4 /* Sources */ = {
			isa = PBXSourcesBuildPhase;
			buildActionMask = 2147483647;
			files = (
				47F34EBC2B1B0EF600D7B2E6 /* LoginViewController.swift in Sources */,
				47F34E942B1AB14500D7B2E6 /* User.swift in Sources */,
				47F34E992B1ACD4500D7B2E6 /* DataStorageManager.swift in Sources */,
				47F34EBA2B1B0ED800D7B2E6 /* SignUpViewController.swift in Sources */,
				4781EA982B170CA9005BA0A4 /* ViewController.swift in Sources */,
				47F34EC82B27D89200D7B2E6 /* HomeViewController.swift in Sources */,
				47F34E9C2B1ACE3400D7B2E6 /* Mood.swift in Sources */,
				4781EA942B170CA9005BA0A4 /* AppDelegate.swift in Sources */,
				47F34E972B1ACD2400D7B2E6 /* NetworkingManager.swift in Sources */,
				4781EA962B170CA9005BA0A4 /* SceneDelegate.swift in Sources */,
				47F34ECA2B27DC3800D7B2E6 /* Quote.swift in Sources */,
				474ACCD92B28490600EB95B1 /* Helper.swift in Sources */,
			);
			runOnlyForDeploymentPostprocessing = 0;
		};
/* End PBXSourcesBuildPhase section */

/* Begin PBXVariantGroup section */
		4781EA992B170CA9005BA0A4 /* Main.storyboard */ = {
			isa = PBXVariantGroup;
			children = (
				4781EA9A2B170CA9005BA0A4 /* Base */,
			);
			name = Main.storyboard;
			sourceTree = "<group>";
		};
		4781EA9E2B170CAA005BA0A4 /* LaunchScreen.storyboard */ = {
			isa = PBXVariantGroup;
			children = (
				4781EA9F2B170CAA005BA0A4 /* Base */,
			);
			name = LaunchScreen.storyboard;
			sourceTree = "<group>";
		};
/* End PBXVariantGroup section */

/* Begin XCBuildConfiguration section */
		4781EAA22B170CAA005BA0A4 /* Debug */ = {
			isa = XCBuildConfiguration;
			buildSettings = {
				ALWAYS_SEARCH_USER_PATHS = NO;
				CLANG_ANALYZER_NONNULL = YES;
				CLANG_ANALYZER_NUMBER_OBJECT_CONVERSION = YES_AGGRESSIVE;
				CLANG_CXX_LANGUAGE_STANDARD = "gnu++20";
				CLANG_ENABLE_MODULES = YES;
				CLANG_ENABLE_OBJC_ARC = YES;
				CLANG_ENABLE_OBJC_WEAK = YES;
				CLANG_WARN_BLOCK_CAPTURE_AUTORELEASING = YES;
				CLANG_WARN_BOOL_CONVERSION = YES;
				CLANG_WARN_COMMA = YES;
				CLANG_WARN_CONSTANT_CONVERSION = YES;
				CLANG_WARN_DEPRECATED_OBJC_IMPLEMENTATIONS = YES;
				CLANG_WARN_DIRECT_OBJC_ISA_USAGE = YES_ERROR;
				CLANG_WARN_DOCUMENTATION_COMMENTS = YES;
				CLANG_WARN_EMPTY_BODY = YES;
				CLANG_WARN_ENUM_CONVERSION = YES;
				CLANG_WARN_INFINITE_RECURSION = YES;
				CLANG_WARN_INT_CONVERSION = YES;
				CLANG_WARN_NON_LITERAL_NULL_CONVERSION = YES;
				CLANG_WARN_OBJC_IMPLICIT_RETAIN_SELF = YES;
				CLANG_WARN_OBJC_LITERAL_CONVERSION = YES;
				CLANG_WARN_OBJC_ROOT_CLASS = YES_ERROR;
				CLANG_WARN_QUOTED_INCLUDE_IN_FRAMEWORK_HEADER = YES;
				CLANG_WARN_RANGE_LOOP_ANALYSIS = YES;
				CLANG_WARN_STRICT_PROTOTYPES = YES;
				CLANG_WARN_SUSPICIOUS_MOVE = YES;
				CLANG_WARN_UNGUARDED_AVAILABILITY = YES_AGGRESSIVE;
				CLANG_WARN_UNREACHABLE_CODE = YES;
				CLANG_WARN__DUPLICATE_METHOD_MATCH = YES;
				COPY_PHASE_STRIP = NO;
				DEBUG_INFORMATION_FORMAT = dwarf;
				ENABLE_STRICT_OBJC_MSGSEND = YES;
				ENABLE_TESTABILITY = YES;
				GCC_C_LANGUAGE_STANDARD = gnu11;
				GCC_DYNAMIC_NO_PIC = NO;
				GCC_NO_COMMON_BLOCKS = YES;
				GCC_OPTIMIZATION_LEVEL = 0;
				GCC_PREPROCESSOR_DEFINITIONS = (
					"DEBUG=1",
					"$(inherited)",
				);
				GCC_WARN_64_TO_32_BIT_CONVERSION = YES;
				GCC_WARN_ABOUT_RETURN_TYPE = YES_ERROR;
				GCC_WARN_UNDECLARED_SELECTOR = YES;
				GCC_WARN_UNINITIALIZED_AUTOS = YES_AGGRESSIVE;
				GCC_WARN_UNUSED_FUNCTION = YES;
				GCC_WARN_UNUSED_VARIABLE = YES;
				IPHONEOS_DEPLOYMENT_TARGET = 16.4;
				MTL_ENABLE_DEBUG_INFO = INCLUDE_SOURCE;
				MTL_FAST_MATH = YES;
				ONLY_ACTIVE_ARCH = YES;
				SDKROOT = iphoneos;
				SWIFT_ACTIVE_COMPILATION_CONDITIONS = DEBUG;
				SWIFT_OPTIMIZATION_LEVEL = "-Onone";
			};
			name = Debug;
		};
		4781EAA32B170CAA005BA0A4 /* Release */ = {
			isa = XCBuildConfiguration;
			buildSettings = {
				ALWAYS_SEARCH_USER_PATHS = NO;
				CLANG_ANALYZER_NONNULL = YES;
				CLANG_ANALYZER_NUMBER_OBJECT_CONVERSION = YES_AGGRESSIVE;
				CLANG_CXX_LANGUAGE_STANDARD = "gnu++20";
				CLANG_ENABLE_MODULES = YES;
				CLANG_ENABLE_OBJC_ARC = YES;
				CLANG_ENABLE_OBJC_WEAK = YES;
				CLANG_WARN_BLOCK_CAPTURE_AUTORELEASING = YES;
				CLANG_WARN_BOOL_CONVERSION = YES;
				CLANG_WARN_COMMA = YES;
				CLANG_WARN_CONSTANT_CONVERSION = YES;
				CLANG_WARN_DEPRECATED_OBJC_IMPLEMENTATIONS = YES;
				CLANG_WARN_DIRECT_OBJC_ISA_USAGE = YES_ERROR;
				CLANG_WARN_DOCUMENTATION_COMMENTS = YES;
				CLANG_WARN_EMPTY_BODY = YES;
				CLANG_WARN_ENUM_CONVERSION = YES;
				CLANG_WARN_INFINITE_RECURSION = YES;
				CLANG_WARN_INT_CONVERSION = YES;
				CLANG_WARN_NON_LITERAL_NULL_CONVERSION = YES;
				CLANG_WARN_OBJC_IMPLICIT_RETAIN_SELF = YES;
				CLANG_WARN_OBJC_LITERAL_CONVERSION = YES;
				CLANG_WARN_OBJC_ROOT_CLASS = YES_ERROR;
				CLANG_WARN_QUOTED_INCLUDE_IN_FRAMEWORK_HEADER = YES;
				CLANG_WARN_RANGE_LOOP_ANALYSIS = YES;
				CLANG_WARN_STRICT_PROTOTYPES = YES;
				CLANG_WARN_SUSPICIOUS_MOVE = YES;
				CLANG_WARN_UNGUARDED_AVAILABILITY = YES_AGGRESSIVE;
				CLANG_WARN_UNREACHABLE_CODE = YES;
				CLANG_WARN__DUPLICATE_METHOD_MATCH = YES;
				COPY_PHASE_STRIP = NO;
				DEBUG_INFORMATION_FORMAT = "dwarf-with-dsym";
				ENABLE_NS_ASSERTIONS = NO;
				ENABLE_STRICT_OBJC_MSGSEND = YES;
				GCC_C_LANGUAGE_STANDARD = gnu11;
				GCC_NO_COMMON_BLOCKS = YES;
				GCC_WARN_64_TO_32_BIT_CONVERSION = YES;
				GCC_WARN_ABOUT_RETURN_TYPE = YES_ERROR;
				GCC_WARN_UNDECLARED_SELECTOR = YES;
				GCC_WARN_UNINITIALIZED_AUTOS = YES_AGGRESSIVE;
				GCC_WARN_UNUSED_FUNCTION = YES;
				GCC_WARN_UNUSED_VARIABLE = YES;
				IPHONEOS_DEPLOYMENT_TARGET = 16.4;
				MTL_ENABLE_DEBUG_INFO = NO;
				MTL_FAST_MATH = YES;
				SDKROOT = iphoneos;
				SWIFT_COMPILATION_MODE = wholemodule;
				SWIFT_OPTIMIZATION_LEVEL = "-O";
				VALIDATE_PRODUCT = YES;
			};
			name = Release;
		};
		4781EAA52B170CAA005BA0A4 /* Debug */ = {
			isa = XCBuildConfiguration;
			buildSettings = {
				ASSETCATALOG_COMPILER_APPICON_NAME = AppIcon;
				ASSETCATALOG_COMPILER_GLOBAL_ACCENT_COLOR_NAME = AccentColor;
				CODE_SIGN_STYLE = Automatic;
				CURRENT_PROJECT_VERSION = 1;
				GENERATE_INFOPLIST_FILE = YES;
				INFOPLIST_FILE = Harmony/Info.plist;
				INFOPLIST_KEY_UIApplicationSupportsIndirectInputEvents = YES;
				INFOPLIST_KEY_UILaunchStoryboardName = LaunchScreen;
				INFOPLIST_KEY_UIMainStoryboardFile = Main;
				INFOPLIST_KEY_UISupportedInterfaceOrientations_iPad = "UIInterfaceOrientationPortrait UIInterfaceOrientationPortraitUpsideDown UIInterfaceOrientationLandscapeLeft UIInterfaceOrientationLandscapeRight";
				INFOPLIST_KEY_UISupportedInterfaceOrientations_iPhone = "UIInterfaceOrientationPortrait UIInterfaceOrientationLandscapeLeft UIInterfaceOrientationLandscapeRight";
				LD_RUNPATH_SEARCH_PATHS = (
					"$(inherited)",
					"@executable_path/Frameworks",
				);
				MARKETING_VERSION = 1.0;
				PRODUCT_BUNDLE_IDENTIFIER = com.Harmony;
				PRODUCT_NAME = "$(TARGET_NAME)";
				SWIFT_EMIT_LOC_STRINGS = YES;
				SWIFT_VERSION = 5.0;
				TARGETED_DEVICE_FAMILY = "1,2";
			};
			name = Debug;
		};
		4781EAA62B170CAA005BA0A4 /* Release */ = {
			isa = XCBuildConfiguration;
			buildSettings = {
				ASSETCATALOG_COMPILER_APPICON_NAME = AppIcon;
				ASSETCATALOG_COMPILER_GLOBAL_ACCENT_COLOR_NAME = AccentColor;
				CODE_SIGN_STYLE = Automatic;
				CURRENT_PROJECT_VERSION = 1;
				GENERATE_INFOPLIST_FILE = YES;
				INFOPLIST_FILE = Harmony/Info.plist;
				INFOPLIST_KEY_UIApplicationSupportsIndirectInputEvents = YES;
				INFOPLIST_KEY_UILaunchStoryboardName = LaunchScreen;
				INFOPLIST_KEY_UIMainStoryboardFile = Main;
				INFOPLIST_KEY_UISupportedInterfaceOrientations_iPad = "UIInterfaceOrientationPortrait UIInterfaceOrientationPortraitUpsideDown UIInterfaceOrientationLandscapeLeft UIInterfaceOrientationLandscapeRight";
				INFOPLIST_KEY_UISupportedInterfaceOrientations_iPhone = "UIInterfaceOrientationPortrait UIInterfaceOrientationLandscapeLeft UIInterfaceOrientationLandscapeRight";
				LD_RUNPATH_SEARCH_PATHS = (
					"$(inherited)",
					"@executable_path/Frameworks",
				);
				MARKETING_VERSION = 1.0;
				PRODUCT_BUNDLE_IDENTIFIER = com.Harmony;
				PRODUCT_NAME = "$(TARGET_NAME)";
				SWIFT_EMIT_LOC_STRINGS = YES;
				SWIFT_VERSION = 5.0;
				TARGETED_DEVICE_FAMILY = "1,2";
			};
			name = Release;
		};
/* End XCBuildConfiguration section */

/* Begin XCConfigurationList section */
		4781EA8B2B170CA9005BA0A4 /* Build configuration list for PBXProject "Harmony" */ = {
			isa = XCConfigurationList;
			buildConfigurations = (
				4781EAA22B170CAA005BA0A4 /* Debug */,
				4781EAA32B170CAA005BA0A4 /* Release */,
			);
			defaultConfigurationIsVisible = 0;
			defaultConfigurationName = Release;
		};
		4781EAA42B170CAA005BA0A4 /* Build configuration list for PBXNativeTarget "Harmony" */ = {
			isa = XCConfigurationList;
			buildConfigurations = (
				4781EAA52B170CAA005BA0A4 /* Debug */,
				4781EAA62B170CAA005BA0A4 /* Release */,
			);
			defaultConfigurationIsVisible = 0;
			defaultConfigurationName = Release;
		};
/* End XCConfigurationList section */

/* Begin XCRemoteSwiftPackageReference section */
		47F34E8F2B1AAADC00D7B2E6 /* XCRemoteSwiftPackageReference "SQLite" */ = {
			isa = XCRemoteSwiftPackageReference;
			repositoryURL = "https://github.com/stephencelis/SQLite.swift";
			requirement = {
				kind = upToNextMajorVersion;
				minimumVersion = 0.14.1;
			};
		};
/* End XCRemoteSwiftPackageReference section */

/* Begin XCSwiftPackageProductDependency section */
		47F34E902B1AAADC00D7B2E6 /* SQLite */ = {
			isa = XCSwiftPackageProductDependency;
			package = 47F34E8F2B1AAADC00D7B2E6 /* XCRemoteSwiftPackageReference "SQLite" */;
			productName = SQLite;
		};
/* End XCSwiftPackageProductDependency section */
	};
	rootObject = 4781EA882B170CA9005BA0A4 /* Project object */;
}
